
Microsoft Visual Studio Solution File, Format Version 12.00
# Visual Studio Version 17
VisualStudioVersion = 17.11.35303.130
MinimumVisualStudioVersion = 10.0.40219.1
Project("{FAE04EC0-301F-11D3-BF4B-00C04F79EFBC}") = "ArrayOFIntegers", "ArrayOFIntegers\ArrayOFIntegers.csproj", "{27CE49FD-F114-4D44-8765-980BED4FAB84}"
EndProject
Project("{FAE04EC0-301F-11D3-BF4B-00C04F79EFBC}") = "Test", "Test\Test.csproj", "{C2CDE3F4-4E48-4AFB-A56B-A21468E06E71}"
EndProject
Global
	GlobalSection(SolutionConfigurationPlatforms) = preSolution
		Debug|Any CPU = Debug|Any CPU
		Release|Any CPU = Release|Any CPU
	EndGlobalSection
	GlobalSection(ProjectConfigurationPlatforms) = postSolution
		{27CE49FD-F114-4D44-8765-980BED4FAB84}.Debug|Any CPU.ActiveCfg = Debug|Any CPU
		{27CE49FD-F114-4D44-8765-980BED4FAB84}.Debug|Any CPU.Build.0 = Debug|Any CPU
		{27CE49FD-F114-4D44-8765-980BED4FAB84}.Release|Any CPU.ActiveCfg = Release|Any CPU
		{27CE49FD-F114-4D44-8765-980BED4FAB84}.Release|Any CPU.Build.0 = Release|Any CPU
		{C2CDE3F4-4E48-4AFB-A56B-A21468E06E71}.Debug|Any CPU.ActiveCfg = Debug|Any CPU
		{C2CDE3F4-4E48-4AFB-A56B-A21468E06E71}.Debug|Any CPU.Build.0 = Debug|Any CPU
		{C2CDE3F4-4E48-4AFB-A56B-A21468E06E71}.Release|Any CPU.ActiveCfg = Release|Any CPU
		{C2CDE3F4-4E48-4AFB-A56B-A21468E06E71}.Release|Any CPU.Build.0 = Release|Any CPU
	EndGlobalSection
	GlobalSection(SolutionProperties) = preSolution
		HideSolutionNode = FALSE
	EndGlobalSection
	GlobalSection(ExtensibilityGlobals) = postSolution
		SolutionGuid = {862C01D5-D2F9-4601-8E81-3D4B973297B5}
	EndGlobalSection
EndGlobal
